// !$*UTF8*$!
{
	archiveVersion = 1;
	classes = {
	};
	objectVersion = 50;
	objects = {

/* Begin PBXBuildFile section */
		523DF1C321E1997C00E3B38E /* Logging.swift in Sources */ = {isa = PBXBuildFile; fileRef = 523DF1C221E1997C00E3B38E /* Logging.swift */; };
		523DF1C421E1997C00E3B38E /* Logging.swift in Sources */ = {isa = PBXBuildFile; fileRef = 523DF1C221E1997C00E3B38E /* Logging.swift */; };
		523DF1C521E1997C00E3B38E /* Logging.swift in Sources */ = {isa = PBXBuildFile; fileRef = 523DF1C221E1997C00E3B38E /* Logging.swift */; };
		524798F221D7E13400D2C069 /* Serialization.swift in Sources */ = {isa = PBXBuildFile; fileRef = 524798F121D7E13400D2C069 /* Serialization.swift */; };
		524798F321D7E13400D2C069 /* Serialization.swift in Sources */ = {isa = PBXBuildFile; fileRef = 524798F121D7E13400D2C069 /* Serialization.swift */; };
		524798F421D7E13400D2C069 /* Serialization.swift in Sources */ = {isa = PBXBuildFile; fileRef = 524798F121D7E13400D2C069 /* Serialization.swift */; };
		5254666B21E162C500FFEFB6 /* WorkManager.swift in Sources */ = {isa = PBXBuildFile; fileRef = 5254666A21E162C500FFEFB6 /* WorkManager.swift */; };
		5254666C21E16B0500FFEFB6 /* WorkManager.swift in Sources */ = {isa = PBXBuildFile; fileRef = 5254666A21E162C500FFEFB6 /* WorkManager.swift */; };
		5254666D21E16B0600FFEFB6 /* WorkManager.swift in Sources */ = {isa = PBXBuildFile; fileRef = 5254666A21E162C500FFEFB6 /* WorkManager.swift */; };
		5275BE9221D6C91200BA2C81 /* MeshParser.swift in Sources */ = {isa = PBXBuildFile; fileRef = 5275BE9121D6C91200BA2C81 /* MeshParser.swift */; };
		5275BE9321D6C91700BA2C81 /* MeshParser.swift in Sources */ = {isa = PBXBuildFile; fileRef = 5275BE9121D6C91200BA2C81 /* MeshParser.swift */; };
		5275BE9421D6C91700BA2C81 /* MeshParser.swift in Sources */ = {isa = PBXBuildFile; fileRef = 5275BE9121D6C91200BA2C81 /* MeshParser.swift */; };
		5275BE9621D6CFE600BA2C81 /* Geometry.swift in Sources */ = {isa = PBXBuildFile; fileRef = 5275BE9521D6CFE600BA2C81 /* Geometry.swift */; };
		5275BE9721D6D00F00BA2C81 /* Geometry.swift in Sources */ = {isa = PBXBuildFile; fileRef = 5275BE9521D6CFE600BA2C81 /* Geometry.swift */; };
		5275BE9821D6D00F00BA2C81 /* Geometry.swift in Sources */ = {isa = PBXBuildFile; fileRef = 5275BE9521D6CFE600BA2C81 /* Geometry.swift */; };
		5275BE9B21D6D0BF00BA2C81 /* float4x4+Extensions.swift in Sources */ = {isa = PBXBuildFile; fileRef = 5275BE9A21D6D0BF00BA2C81 /* float4x4+Extensions.swift */; };
		5275BE9C21D6D0BF00BA2C81 /* float4x4+Extensions.swift in Sources */ = {isa = PBXBuildFile; fileRef = 5275BE9A21D6D0BF00BA2C81 /* float4x4+Extensions.swift */; };
		5275BE9D21D6D0BF00BA2C81 /* float4x4+Extensions.swift in Sources */ = {isa = PBXBuildFile; fileRef = 5275BE9A21D6D0BF00BA2C81 /* float4x4+Extensions.swift */; };
		5275BE9F21D6D1C200BA2C81 /* Array+Extensions.swift in Sources */ = {isa = PBXBuildFile; fileRef = 5275BE9E21D6D1C200BA2C81 /* Array+Extensions.swift */; };
		5275BEA021D6D1C200BA2C81 /* Array+Extensions.swift in Sources */ = {isa = PBXBuildFile; fileRef = 5275BE9E21D6D1C200BA2C81 /* Array+Extensions.swift */; };
		5275BEA121D6D1C200BA2C81 /* Array+Extensions.swift in Sources */ = {isa = PBXBuildFile; fileRef = 5275BE9E21D6D1C200BA2C81 /* Array+Extensions.swift */; };
		5275BEA321D6D1F200BA2C81 /* float4+Extensions copy.swift in Sources */ = {isa = PBXBuildFile; fileRef = 5275BEA221D6D1F200BA2C81 /* float4+Extensions copy.swift */; };
		5275BEA421D6D1F200BA2C81 /* float4+Extensions copy.swift in Sources */ = {isa = PBXBuildFile; fileRef = 5275BEA221D6D1F200BA2C81 /* float4+Extensions copy.swift */; };
		5275BEA521D6D1F200BA2C81 /* float4+Extensions copy.swift in Sources */ = {isa = PBXBuildFile; fileRef = 5275BEA221D6D1F200BA2C81 /* float4+Extensions copy.swift */; };
		5275BEA721D6D21900BA2C81 /* float3+Extensions copy.swift in Sources */ = {isa = PBXBuildFile; fileRef = 5275BEA621D6D21900BA2C81 /* float3+Extensions copy.swift */; };
		5275BEA821D6D21900BA2C81 /* float3+Extensions copy.swift in Sources */ = {isa = PBXBuildFile; fileRef = 5275BEA621D6D21900BA2C81 /* float3+Extensions copy.swift */; };
		5275BEA921D6D21900BA2C81 /* float3+Extensions copy.swift in Sources */ = {isa = PBXBuildFile; fileRef = 5275BEA621D6D21900BA2C81 /* float3+Extensions copy.swift */; };
		5275BEAB21D6D21B00BA2C81 /* Data+Extensions copy 2.swift in Sources */ = {isa = PBXBuildFile; fileRef = 5275BEAA21D6D21B00BA2C81 /* Data+Extensions copy 2.swift */; };
		5275BEAC21D6D21B00BA2C81 /* Data+Extensions copy 2.swift in Sources */ = {isa = PBXBuildFile; fileRef = 5275BEAA21D6D21B00BA2C81 /* Data+Extensions copy 2.swift */; };
		5275BEAD21D6D21B00BA2C81 /* Data+Extensions copy 2.swift in Sources */ = {isa = PBXBuildFile; fileRef = 5275BEAA21D6D21B00BA2C81 /* Data+Extensions copy 2.swift */; };
		5275BEB221D6D2A700BA2C81 /* SceneConstructor.swift in Sources */ = {isa = PBXBuildFile; fileRef = 5275BEB121D6D2A700BA2C81 /* SceneConstructor.swift */; };
		5275BEB321D6D2A700BA2C81 /* SceneConstructor.swift in Sources */ = {isa = PBXBuildFile; fileRef = 5275BEB121D6D2A700BA2C81 /* SceneConstructor.swift */; };
		5275BEB421D6D2A700BA2C81 /* SceneConstructor.swift in Sources */ = {isa = PBXBuildFile; fileRef = 5275BEB121D6D2A700BA2C81 /* SceneConstructor.swift */; };
		52C225B221D42F6800725E02 /* AppDelegate.swift in Sources */ = {isa = PBXBuildFile; fileRef = 52C225B121D42F6800725E02 /* AppDelegate.swift */; };
		52C225B421D42F6800725E02 /* GameViewController.swift in Sources */ = {isa = PBXBuildFile; fileRef = 52C225B321D42F6800725E02 /* GameViewController.swift */; };
		52C225B721D42F6800725E02 /* Main.storyboard in Resources */ = {isa = PBXBuildFile; fileRef = 52C225B521D42F6800725E02 /* Main.storyboard */; };
		52C225BA21D42F6800725E02 /* LaunchScreen.storyboard in Resources */ = {isa = PBXBuildFile; fileRef = 52C225B821D42F6800725E02 /* LaunchScreen.storyboard */; };
		52C225C321D42F6800725E02 /* AppDelegate.swift in Sources */ = {isa = PBXBuildFile; fileRef = 52C225C221D42F6800725E02 /* AppDelegate.swift */; };
		52C225C521D42F6800725E02 /* GameViewController.swift in Sources */ = {isa = PBXBuildFile; fileRef = 52C225C421D42F6800725E02 /* GameViewController.swift */; };
		52C225C821D42F6800725E02 /* Main.storyboard in Resources */ = {isa = PBXBuildFile; fileRef = 52C225C621D42F6800725E02 /* Main.storyboard */; };
		52C225D121D42F6800725E02 /* AppDelegate.swift in Sources */ = {isa = PBXBuildFile; fileRef = 52C225D021D42F6800725E02 /* AppDelegate.swift */; };
		52C225D321D42F6800725E02 /* GameViewController.swift in Sources */ = {isa = PBXBuildFile; fileRef = 52C225D221D42F6800725E02 /* GameViewController.swift */; };
		52C225D621D42F6800725E02 /* Main.storyboard in Resources */ = {isa = PBXBuildFile; fileRef = 52C225D421D42F6800725E02 /* Main.storyboard */; };
		52C225D821D42F6800725E02 /* Shaders.metal in Sources */ = {isa = PBXBuildFile; fileRef = 52C225A621D42F6500725E02 /* Shaders.metal */; };
		52C225D921D42F6800725E02 /* Shaders.metal in Sources */ = {isa = PBXBuildFile; fileRef = 52C225A621D42F6500725E02 /* Shaders.metal */; };
		52C225DA21D42F6800725E02 /* Shaders.metal in Sources */ = {isa = PBXBuildFile; fileRef = 52C225A621D42F6500725E02 /* Shaders.metal */; };
		52C225DB21D42F6800725E02 /* Renderer.swift in Sources */ = {isa = PBXBuildFile; fileRef = 52C225A721D42F6500725E02 /* Renderer.swift */; };
		52C225DC21D42F6800725E02 /* Renderer.swift in Sources */ = {isa = PBXBuildFile; fileRef = 52C225A721D42F6500725E02 /* Renderer.swift */; };
		52C225DD21D42F6800725E02 /* Renderer.swift in Sources */ = {isa = PBXBuildFile; fileRef = 52C225A721D42F6500725E02 /* Renderer.swift */; };
		52C225DE21D42F6800725E02 /* ShaderTypes.h in Resources */ = {isa = PBXBuildFile; fileRef = 52C225A821D42F6500725E02 /* ShaderTypes.h */; };
		52C225DF21D42F6800725E02 /* ShaderTypes.h in Resources */ = {isa = PBXBuildFile; fileRef = 52C225A821D42F6500725E02 /* ShaderTypes.h */; };
		52C225E021D42F6800725E02 /* ShaderTypes.h in Resources */ = {isa = PBXBuildFile; fileRef = 52C225A821D42F6500725E02 /* ShaderTypes.h */; };
		52C225E121D42F6800725E02 /* Assets.xcassets in Resources */ = {isa = PBXBuildFile; fileRef = 52C225A921D42F6800725E02 /* Assets.xcassets */; };
		52C225E221D42F6800725E02 /* Assets.xcassets in Resources */ = {isa = PBXBuildFile; fileRef = 52C225A921D42F6800725E02 /* Assets.xcassets */; };
		52C225E321D42F6800725E02 /* Assets.xcassets in Resources */ = {isa = PBXBuildFile; fileRef = 52C225A921D42F6800725E02 /* Assets.xcassets */; };
/* End PBXBuildFile section */

/* Begin PBXFileReference section */
		523DF1C221E1997C00E3B38E /* Logging.swift */ = {isa = PBXFileReference; lastKnownFileType = sourcecode.swift; path = Logging.swift; sourceTree = "<group>"; };
		524798F121D7E13400D2C069 /* Serialization.swift */ = {isa = PBXFileReference; lastKnownFileType = sourcecode.swift; path = Serialization.swift; sourceTree = "<group>"; };
		5254666A21E162C500FFEFB6 /* WorkManager.swift */ = {isa = PBXFileReference; lastKnownFileType = sourcecode.swift; path = WorkManager.swift; sourceTree = "<group>"; };
		5275BE9121D6C91200BA2C81 /* MeshParser.swift */ = {isa = PBXFileReference; fileEncoding = 4; lastKnownFileType = sourcecode.swift; path = MeshParser.swift; sourceTree = "<group>"; };
		5275BE9521D6CFE600BA2C81 /* Geometry.swift */ = {isa = PBXFileReference; fileEncoding = 4; lastKnownFileType = sourcecode.swift; path = Geometry.swift; sourceTree = "<group>"; };
		5275BE9A21D6D0BF00BA2C81 /* float4x4+Extensions.swift */ = {isa = PBXFileReference; fileEncoding = 4; lastKnownFileType = sourcecode.swift; path = "float4x4+Extensions.swift"; sourceTree = "<group>"; };
		5275BE9E21D6D1C200BA2C81 /* Array+Extensions.swift */ = {isa = PBXFileReference; lastKnownFileType = sourcecode.swift; path = "Array+Extensions.swift"; sourceTree = "<group>"; };
		5275BEA221D6D1F200BA2C81 /* float4+Extensions copy.swift */ = {isa = PBXFileReference; lastKnownFileType = sourcecode.swift; path = "float4+Extensions copy.swift"; sourceTree = "<group>"; };
		5275BEA621D6D21900BA2C81 /* float3+Extensions copy.swift */ = {isa = PBXFileReference; lastKnownFileType = sourcecode.swift; path = "float3+Extensions copy.swift"; sourceTree = "<group>"; };
		5275BEAA21D6D21B00BA2C81 /* Data+Extensions copy 2.swift */ = {isa = PBXFileReference; lastKnownFileType = sourcecode.swift; path = "Data+Extensions copy 2.swift"; sourceTree = "<group>"; };
		5275BEB121D6D2A700BA2C81 /* SceneConstructor.swift */ = {isa = PBXFileReference; lastKnownFileType = sourcecode.swift; path = SceneConstructor.swift; sourceTree = "<group>"; };
		52C225A621D42F6500725E02 /* Shaders.metal */ = {isa = PBXFileReference; lastKnownFileType = sourcecode.metal; path = Shaders.metal; sourceTree = "<group>"; };
		52C225A721D42F6500725E02 /* Renderer.swift */ = {isa = PBXFileReference; lastKnownFileType = sourcecode.swift; path = Renderer.swift; sourceTree = "<group>"; };
		52C225A821D42F6500725E02 /* ShaderTypes.h */ = {isa = PBXFileReference; lastKnownFileType = sourcecode.c.h; path = ShaderTypes.h; sourceTree = "<group>"; };
		52C225A921D42F6800725E02 /* Assets.xcassets */ = {isa = PBXFileReference; lastKnownFileType = folder.assetcatalog; path = Assets.xcassets; sourceTree = "<group>"; };
		52C225AE21D42F6800725E02 /* mesher.app */ = {isa = PBXFileReference; explicitFileType = wrapper.application; includeInIndex = 0; path = mesher.app; sourceTree = BUILT_PRODUCTS_DIR; };
		52C225B121D42F6800725E02 /* AppDelegate.swift */ = {isa = PBXFileReference; lastKnownFileType = sourcecode.swift; path = AppDelegate.swift; sourceTree = "<group>"; };
		52C225B321D42F6800725E02 /* GameViewController.swift */ = {isa = PBXFileReference; lastKnownFileType = sourcecode.swift; path = GameViewController.swift; sourceTree = "<group>"; };
		52C225B621D42F6800725E02 /* Base */ = {isa = PBXFileReference; lastKnownFileType = file.storyboard; name = Base; path = Base.lproj/Main.storyboard; sourceTree = "<group>"; };
		52C225B921D42F6800725E02 /* Base */ = {isa = PBXFileReference; lastKnownFileType = file.storyboard; name = Base; path = Base.lproj/LaunchScreen.storyboard; sourceTree = "<group>"; };
		52C225BB21D42F6800725E02 /* Info.plist */ = {isa = PBXFileReference; lastKnownFileType = text.plist.xml; path = Info.plist; sourceTree = "<group>"; };
		52C225C021D42F6800725E02 /* mesher.app */ = {isa = PBXFileReference; explicitFileType = wrapper.application; includeInIndex = 0; path = mesher.app; sourceTree = BUILT_PRODUCTS_DIR; };
		52C225C221D42F6800725E02 /* AppDelegate.swift */ = {isa = PBXFileReference; lastKnownFileType = sourcecode.swift; path = AppDelegate.swift; sourceTree = "<group>"; };
		52C225C421D42F6800725E02 /* GameViewController.swift */ = {isa = PBXFileReference; lastKnownFileType = sourcecode.swift; path = GameViewController.swift; sourceTree = "<group>"; };
		52C225C721D42F6800725E02 /* Base */ = {isa = PBXFileReference; lastKnownFileType = file.storyboard; name = Base; path = Base.lproj/Main.storyboard; sourceTree = "<group>"; };
		52C225C921D42F6800725E02 /* Info.plist */ = {isa = PBXFileReference; lastKnownFileType = text.plist.xml; path = Info.plist; sourceTree = "<group>"; };
		52C225CE21D42F6800725E02 /* mesher.app */ = {isa = PBXFileReference; explicitFileType = wrapper.application; includeInIndex = 0; path = mesher.app; sourceTree = BUILT_PRODUCTS_DIR; };
		52C225D021D42F6800725E02 /* AppDelegate.swift */ = {isa = PBXFileReference; lastKnownFileType = sourcecode.swift; path = AppDelegate.swift; sourceTree = "<group>"; };
		52C225D221D42F6800725E02 /* GameViewController.swift */ = {isa = PBXFileReference; lastKnownFileType = sourcecode.swift; path = GameViewController.swift; sourceTree = "<group>"; };
		52C225D521D42F6800725E02 /* Base */ = {isa = PBXFileReference; lastKnownFileType = file.storyboard; name = Base; path = Base.lproj/Main.storyboard; sourceTree = "<group>"; };
		52C225D721D42F6800725E02 /* Info.plist */ = {isa = PBXFileReference; lastKnownFileType = text.plist.xml; path = Info.plist; sourceTree = "<group>"; };
/* End PBXFileReference section */

/* Begin PBXFrameworksBuildPhase section */
		52C225AB21D42F6800725E02 /* Frameworks */ = {
			isa = PBXFrameworksBuildPhase;
			buildActionMask = 2147483647;
			files = (
			);
			runOnlyForDeploymentPostprocessing = 0;
		};
		52C225BD21D42F6800725E02 /* Frameworks */ = {
			isa = PBXFrameworksBuildPhase;
			buildActionMask = 2147483647;
			files = (
			);
			runOnlyForDeploymentPostprocessing = 0;
		};
		52C225CB21D42F6800725E02 /* Frameworks */ = {
			isa = PBXFrameworksBuildPhase;
			buildActionMask = 2147483647;
			files = (
			);
			runOnlyForDeploymentPostprocessing = 0;
		};
/* End PBXFrameworksBuildPhase section */

/* Begin PBXGroup section */
		5275BE9921D6D0B000BA2C81 /* extensions */ = {
			isa = PBXGroup;
			children = (
				5275BEAE21D6D27100BA2C81 /* Foundation */,
				5275BEAF21D6D27C00BA2C81 /* simd */,
			);
			path = extensions;
			sourceTree = "<group>";
		};
		5275BEAE21D6D27100BA2C81 /* Foundation */ = {
			isa = PBXGroup;
			children = (
				5275BE9E21D6D1C200BA2C81 /* Array+Extensions.swift */,
				5275BEAA21D6D21B00BA2C81 /* Data+Extensions copy 2.swift */,
			);
			path = Foundation;
			sourceTree = "<group>";
		};
		5275BEAF21D6D27C00BA2C81 /* simd */ = {
			isa = PBXGroup;
			children = (
				5275BEA621D6D21900BA2C81 /* float3+Extensions copy.swift */,
				5275BEA221D6D1F200BA2C81 /* float4+Extensions copy.swift */,
				5275BE9A21D6D0BF00BA2C81 /* float4x4+Extensions.swift */,
			);
			path = simd;
			sourceTree = "<group>";
		};
		5275BEB021D6D29E00BA2C81 /* import */ = {
			isa = PBXGroup;
			children = (
				5254666A21E162C500FFEFB6 /* WorkManager.swift */,
				5275BEB121D6D2A700BA2C81 /* SceneConstructor.swift */,
				5275BE9121D6C91200BA2C81 /* MeshParser.swift */,
				524798F121D7E13400D2C069 /* Serialization.swift */,
			);
			path = import;
			sourceTree = "<group>";
		};
		5275BEB521D6D2F500BA2C81 /* rendering */ = {
			isa = PBXGroup;
			children = (
				52C225A621D42F6500725E02 /* Shaders.metal */,
				52C225A721D42F6500725E02 /* Renderer.swift */,
				52C225A821D42F6500725E02 /* ShaderTypes.h */,
			);
			path = rendering;
			sourceTree = "<group>";
		};
		52C225A021D42F6500725E02 = {
			isa = PBXGroup;
			children = (
				52C225A521D42F6500725E02 /* shared */,
				52C225B021D42F6800725E02 /* iOS */,
				52C225C121D42F6800725E02 /* tvOS */,
				52C225CF21D42F6800725E02 /* macOS */,
				52C225AF21D42F6800725E02 /* Products */,
			);
			sourceTree = "<group>";
		};
		52C225A521D42F6500725E02 /* shared */ = {
			isa = PBXGroup;
			children = (
				5275BE9521D6CFE600BA2C81 /* Geometry.swift */,
				5275BEB521D6D2F500BA2C81 /* rendering */,
				5275BEB021D6D29E00BA2C81 /* import */,
				5275BE9921D6D0B000BA2C81 /* extensions */,
				52C225A921D42F6800725E02 /* Assets.xcassets */,
				523DF1C221E1997C00E3B38E /* Logging.swift */,
			);
			path = shared;
			sourceTree = "<group>";
		};
		52C225AF21D42F6800725E02 /* Products */ = {
			isa = PBXGroup;
			children = (
				52C225AE21D42F6800725E02 /* mesher.app */,
				52C225C021D42F6800725E02 /* mesher.app */,
				52C225CE21D42F6800725E02 /* mesher.app */,
			);
			name = Products;
			sourceTree = "<group>";
		};
		52C225B021D42F6800725E02 /* iOS */ = {
			isa = PBXGroup;
			children = (
				52C225B121D42F6800725E02 /* AppDelegate.swift */,
				52C225B321D42F6800725E02 /* GameViewController.swift */,
				52C225B521D42F6800725E02 /* Main.storyboard */,
				52C225B821D42F6800725E02 /* LaunchScreen.storyboard */,
				52C225BB21D42F6800725E02 /* Info.plist */,
			);
			path = iOS;
			sourceTree = "<group>";
		};
		52C225C121D42F6800725E02 /* tvOS */ = {
			isa = PBXGroup;
			children = (
				52C225C221D42F6800725E02 /* AppDelegate.swift */,
				52C225C421D42F6800725E02 /* GameViewController.swift */,
				52C225C621D42F6800725E02 /* Main.storyboard */,
				52C225C921D42F6800725E02 /* Info.plist */,
			);
			path = tvOS;
			sourceTree = "<group>";
		};
		52C225CF21D42F6800725E02 /* macOS */ = {
			isa = PBXGroup;
			children = (
				52C225D021D42F6800725E02 /* AppDelegate.swift */,
				52C225D221D42F6800725E02 /* GameViewController.swift */,
				52C225D421D42F6800725E02 /* Main.storyboard */,
				52C225D721D42F6800725E02 /* Info.plist */,
			);
			path = macOS;
			sourceTree = "<group>";
		};
/* End PBXGroup section */

/* Begin PBXNativeTarget section */
		52C225AD21D42F6800725E02 /* mesher iOS */ = {
			isa = PBXNativeTarget;
			buildConfigurationList = 52C225E621D42F6800725E02 /* Build configuration list for PBXNativeTarget "mesher iOS" */;
			buildPhases = (
				52C225AA21D42F6800725E02 /* Sources */,
				52C225AB21D42F6800725E02 /* Frameworks */,
				52C225AC21D42F6800725E02 /* Resources */,
			);
			buildRules = (
			);
			dependencies = (
			);
			name = "mesher iOS";
			productName = "mesher iOS";
			productReference = 52C225AE21D42F6800725E02 /* mesher.app */;
			productType = "com.apple.product-type.application";
		};
		52C225BF21D42F6800725E02 /* mesher tvOS */ = {
			isa = PBXNativeTarget;
			buildConfigurationList = 52C225E921D42F6800725E02 /* Build configuration list for PBXNativeTarget "mesher tvOS" */;
			buildPhases = (
				52C225BC21D42F6800725E02 /* Sources */,
				52C225BD21D42F6800725E02 /* Frameworks */,
				52C225BE21D42F6800725E02 /* Resources */,
			);
			buildRules = (
			);
			dependencies = (
			);
			name = "mesher tvOS";
			productName = "mesher tvOS";
			productReference = 52C225C021D42F6800725E02 /* mesher.app */;
			productType = "com.apple.product-type.application";
		};
		52C225CD21D42F6800725E02 /* mesher macOS */ = {
			isa = PBXNativeTarget;
			buildConfigurationList = 52C225EC21D42F6800725E02 /* Build configuration list for PBXNativeTarget "mesher macOS" */;
			buildPhases = (
				52C225CA21D42F6800725E02 /* Sources */,
				52C225CB21D42F6800725E02 /* Frameworks */,
				52C225CC21D42F6800725E02 /* Resources */,
			);
			buildRules = (
			);
			dependencies = (
			);
			name = "mesher macOS";
			productName = "mesher macOS";
			productReference = 52C225CE21D42F6800725E02 /* mesher.app */;
			productType = "com.apple.product-type.application";
		};
/* End PBXNativeTarget section */

/* Begin PBXProject section */
		52C225A121D42F6500725E02 /* Project object */ = {
			isa = PBXProject;
			attributes = {
				LastSwiftUpdateCheck = 1010;
				LastUpgradeCheck = 1010;
				ORGANIZATIONNAME = "Eric O'Connell";
				TargetAttributes = {
					52C225AD21D42F6800725E02 = {
						CreatedOnToolsVersion = 10.1;
					};
					52C225BF21D42F6800725E02 = {
						CreatedOnToolsVersion = 10.1;
					};
					52C225CD21D42F6800725E02 = {
						CreatedOnToolsVersion = 10.1;
					};
				};
			};
			buildConfigurationList = 52C225A421D42F6500725E02 /* Build configuration list for PBXProject "mesher" */;
			compatibilityVersion = "Xcode 9.3";
			developmentRegion = en;
			hasScannedForEncodings = 0;
			knownRegions = (
				en,
				Base,
			);
			mainGroup = 52C225A021D42F6500725E02;
			productRefGroup = 52C225AF21D42F6800725E02 /* Products */;
			projectDirPath = "";
			projectRoot = "";
			targets = (
				52C225AD21D42F6800725E02 /* mesher iOS */,
				52C225BF21D42F6800725E02 /* mesher tvOS */,
				52C225CD21D42F6800725E02 /* mesher macOS */,
			);
		};
/* End PBXProject section */

/* Begin PBXResourcesBuildPhase section */
		52C225AC21D42F6800725E02 /* Resources */ = {
			isa = PBXResourcesBuildPhase;
			buildActionMask = 2147483647;
			files = (
				52C225DE21D42F6800725E02 /* ShaderTypes.h in Resources */,
				52C225B721D42F6800725E02 /* Main.storyboard in Resources */,
				52C225E121D42F6800725E02 /* Assets.xcassets in Resources */,
				52C225BA21D42F6800725E02 /* LaunchScreen.storyboard in Resources */,
			);
			runOnlyForDeploymentPostprocessing = 0;
		};
		52C225BE21D42F6800725E02 /* Resources */ = {
			isa = PBXResourcesBuildPhase;
			buildActionMask = 2147483647;
			files = (
				52C225C821D42F6800725E02 /* Main.storyboard in Resources */,
				52C225E221D42F6800725E02 /* Assets.xcassets in Resources */,
				52C225DF21D42F6800725E02 /* ShaderTypes.h in Resources */,
			);
			runOnlyForDeploymentPostprocessing = 0;
		};
		52C225CC21D42F6800725E02 /* Resources */ = {
			isa = PBXResourcesBuildPhase;
			buildActionMask = 2147483647;
			files = (
				52C225D621D42F6800725E02 /* Main.storyboard in Resources */,
				52C225E321D42F6800725E02 /* Assets.xcassets in Resources */,
				52C225E021D42F6800725E02 /* ShaderTypes.h in Resources */,
			);
			runOnlyForDeploymentPostprocessing = 0;
		};
/* End PBXResourcesBuildPhase section */

/* Begin PBXSourcesBuildPhase section */
		52C225AA21D42F6800725E02 /* Sources */ = {
			isa = PBXSourcesBuildPhase;
			buildActionMask = 2147483647;
			files = (
				52C225DB21D42F6800725E02 /* Renderer.swift in Sources */,
				523DF1C321E1997C00E3B38E /* Logging.swift in Sources */,
				5275BE9621D6CFE600BA2C81 /* Geometry.swift in Sources */,
				5275BEAC21D6D21B00BA2C81 /* Data+Extensions copy 2.swift in Sources */,
				52C225D821D42F6800725E02 /* Shaders.metal in Sources */,
				5254666B21E162C500FFEFB6 /* WorkManager.swift in Sources */,
				5275BE9B21D6D0BF00BA2C81 /* float4x4+Extensions.swift in Sources */,
				5275BEB321D6D2A700BA2C81 /* SceneConstructor.swift in Sources */,
				5275BE9221D6C91200BA2C81 /* MeshParser.swift in Sources */,
				5275BEA021D6D1C200BA2C81 /* Array+Extensions.swift in Sources */,
				5275BEA821D6D21900BA2C81 /* float3+Extensions copy.swift in Sources */,
				52C225B421D42F6800725E02 /* GameViewController.swift in Sources */,
				52C225B221D42F6800725E02 /* AppDelegate.swift in Sources */,
				5275BEA421D6D1F200BA2C81 /* float4+Extensions copy.swift in Sources */,
				524798F221D7E13400D2C069 /* Serialization.swift in Sources */,
			);
			runOnlyForDeploymentPostprocessing = 0;
		};
		52C225BC21D42F6800725E02 /* Sources */ = {
			isa = PBXSourcesBuildPhase;
			buildActionMask = 2147483647;
			files = (
				52C225DC21D42F6800725E02 /* Renderer.swift in Sources */,
				523DF1C421E1997C00E3B38E /* Logging.swift in Sources */,
				5275BE9721D6D00F00BA2C81 /* Geometry.swift in Sources */,
				5275BEAD21D6D21B00BA2C81 /* Data+Extensions copy 2.swift in Sources */,
				52C225D921D42F6800725E02 /* Shaders.metal in Sources */,
				5254666C21E16B0500FFEFB6 /* WorkManager.swift in Sources */,
				5275BE9C21D6D0BF00BA2C81 /* float4x4+Extensions.swift in Sources */,
				5275BEB421D6D2A700BA2C81 /* SceneConstructor.swift in Sources */,
				5275BE9321D6C91700BA2C81 /* MeshParser.swift in Sources */,
				5275BEA121D6D1C200BA2C81 /* Array+Extensions.swift in Sources */,
				5275BEA921D6D21900BA2C81 /* float3+Extensions copy.swift in Sources */,
				52C225C521D42F6800725E02 /* GameViewController.swift in Sources */,
				52C225C321D42F6800725E02 /* AppDelegate.swift in Sources */,
				5275BEA521D6D1F200BA2C81 /* float4+Extensions copy.swift in Sources */,
				524798F321D7E13400D2C069 /* Serialization.swift in Sources */,
			);
			runOnlyForDeploymentPostprocessing = 0;
		};
		52C225CA21D42F6800725E02 /* Sources */ = {
			isa = PBXSourcesBuildPhase;
			buildActionMask = 2147483647;
			files = (
				52C225DD21D42F6800725E02 /* Renderer.swift in Sources */,
				523DF1C521E1997C00E3B38E /* Logging.swift in Sources */,
				5275BE9821D6D00F00BA2C81 /* Geometry.swift in Sources */,
				5275BEAB21D6D21B00BA2C81 /* Data+Extensions copy 2.swift in Sources */,
				52C225DA21D42F6800725E02 /* Shaders.metal in Sources */,
				5254666D21E16B0600FFEFB6 /* WorkManager.swift in Sources */,
				5275BE9D21D6D0BF00BA2C81 /* float4x4+Extensions.swift in Sources */,
				5275BEB221D6D2A700BA2C81 /* SceneConstructor.swift in Sources */,
				5275BE9421D6C91700BA2C81 /* MeshParser.swift in Sources */,
				5275BE9F21D6D1C200BA2C81 /* Array+Extensions.swift in Sources */,
				5275BEA721D6D21900BA2C81 /* float3+Extensions copy.swift in Sources */,
				52C225D321D42F6800725E02 /* GameViewController.swift in Sources */,
				52C225D121D42F6800725E02 /* AppDelegate.swift in Sources */,
				5275BEA321D6D1F200BA2C81 /* float4+Extensions copy.swift in Sources */,
				524798F421D7E13400D2C069 /* Serialization.swift in Sources */,
			);
			runOnlyForDeploymentPostprocessing = 0;
		};
/* End PBXSourcesBuildPhase section */

/* Begin PBXVariantGroup section */
		52C225B521D42F6800725E02 /* Main.storyboard */ = {
			isa = PBXVariantGroup;
			children = (
				52C225B621D42F6800725E02 /* Base */,
			);
			name = Main.storyboard;
			sourceTree = "<group>";
		};
		52C225B821D42F6800725E02 /* LaunchScreen.storyboard */ = {
			isa = PBXVariantGroup;
			children = (
				52C225B921D42F6800725E02 /* Base */,
			);
			name = LaunchScreen.storyboard;
			sourceTree = "<group>";
		};
		52C225C621D42F6800725E02 /* Main.storyboard */ = {
			isa = PBXVariantGroup;
			children = (
				52C225C721D42F6800725E02 /* Base */,
			);
			name = Main.storyboard;
			sourceTree = "<group>";
		};
		52C225D421D42F6800725E02 /* Main.storyboard */ = {
			isa = PBXVariantGroup;
			children = (
				52C225D521D42F6800725E02 /* Base */,
			);
			name = Main.storyboard;
			sourceTree = "<group>";
		};
/* End PBXVariantGroup section */

/* Begin XCBuildConfiguration section */
		52C225E421D42F6800725E02 /* Debug */ = {
			isa = XCBuildConfiguration;
			buildSettings = {
				ALWAYS_SEARCH_USER_PATHS = NO;
				CLANG_ANALYZER_NONNULL = YES;
				CLANG_ANALYZER_NUMBER_OBJECT_CONVERSION = YES_AGGRESSIVE;
				CLANG_CXX_LANGUAGE_STANDARD = "gnu++14";
				CLANG_CXX_LIBRARY = "libc++";
				CLANG_ENABLE_MODULES = YES;
				CLANG_ENABLE_OBJC_ARC = YES;
				CLANG_ENABLE_OBJC_WEAK = YES;
				CLANG_WARN_BLOCK_CAPTURE_AUTORELEASING = YES;
				CLANG_WARN_BOOL_CONVERSION = YES;
				CLANG_WARN_COMMA = YES;
				CLANG_WARN_CONSTANT_CONVERSION = YES;
				CLANG_WARN_DEPRECATED_OBJC_IMPLEMENTATIONS = YES;
				CLANG_WARN_DIRECT_OBJC_ISA_USAGE = YES_ERROR;
				CLANG_WARN_DOCUMENTATION_COMMENTS = YES;
				CLANG_WARN_EMPTY_BODY = YES;
				CLANG_WARN_ENUM_CONVERSION = YES;
				CLANG_WARN_INFINITE_RECURSION = YES;
				CLANG_WARN_INT_CONVERSION = YES;
				CLANG_WARN_NON_LITERAL_NULL_CONVERSION = YES;
				CLANG_WARN_OBJC_IMPLICIT_RETAIN_SELF = YES;
				CLANG_WARN_OBJC_LITERAL_CONVERSION = YES;
				CLANG_WARN_OBJC_ROOT_CLASS = YES_ERROR;
				CLANG_WARN_RANGE_LOOP_ANALYSIS = YES;
				CLANG_WARN_STRICT_PROTOTYPES = YES;
				CLANG_WARN_SUSPICIOUS_MOVE = YES;
				CLANG_WARN_UNGUARDED_AVAILABILITY = YES_AGGRESSIVE;
				CLANG_WARN_UNREACHABLE_CODE = YES;
				CLANG_WARN__DUPLICATE_METHOD_MATCH = YES;
				COPY_PHASE_STRIP = NO;
				DEBUG_INFORMATION_FORMAT = dwarf;
				ENABLE_STRICT_OBJC_MSGSEND = YES;
				ENABLE_TESTABILITY = YES;
				GCC_C_LANGUAGE_STANDARD = gnu11;
				GCC_DYNAMIC_NO_PIC = NO;
				GCC_NO_COMMON_BLOCKS = YES;
				GCC_OPTIMIZATION_LEVEL = 0;
				GCC_PREPROCESSOR_DEFINITIONS = (
					"DEBUG=1",
					"$(inherited)",
				);
				GCC_WARN_64_TO_32_BIT_CONVERSION = YES;
				GCC_WARN_ABOUT_RETURN_TYPE = YES_ERROR;
				GCC_WARN_UNDECLARED_SELECTOR = YES;
				GCC_WARN_UNINITIALIZED_AUTOS = YES_AGGRESSIVE;
				GCC_WARN_UNUSED_FUNCTION = YES;
				GCC_WARN_UNUSED_VARIABLE = YES;
				MTL_ENABLE_DEBUG_INFO = INCLUDE_SOURCE;
				MTL_FAST_MATH = YES;
				ONLY_ACTIVE_ARCH = YES;
				SWIFT_ACTIVE_COMPILATION_CONDITIONS = DEBUG;
				SWIFT_OPTIMIZATION_LEVEL = "-Onone";
			};
			name = Debug;
		};
		52C225E521D42F6800725E02 /* Release */ = {
			isa = XCBuildConfiguration;
			buildSettings = {
				ALWAYS_SEARCH_USER_PATHS = NO;
				CLANG_ANALYZER_NONNULL = YES;
				CLANG_ANALYZER_NUMBER_OBJECT_CONVERSION = YES_AGGRESSIVE;
				CLANG_CXX_LANGUAGE_STANDARD = "gnu++14";
				CLANG_CXX_LIBRARY = "libc++";
				CLANG_ENABLE_MODULES = YES;
				CLANG_ENABLE_OBJC_ARC = YES;
				CLANG_ENABLE_OBJC_WEAK = YES;
				CLANG_WARN_BLOCK_CAPTURE_AUTORELEASING = YES;
				CLANG_WARN_BOOL_CONVERSION = YES;
				CLANG_WARN_COMMA = YES;
				CLANG_WARN_CONSTANT_CONVERSION = YES;
				CLANG_WARN_DEPRECATED_OBJC_IMPLEMENTATIONS = YES;
				CLANG_WARN_DIRECT_OBJC_ISA_USAGE = YES_ERROR;
				CLANG_WARN_DOCUMENTATION_COMMENTS = YES;
				CLANG_WARN_EMPTY_BODY = YES;
				CLANG_WARN_ENUM_CONVERSION = YES;
				CLANG_WARN_INFINITE_RECURSION = YES;
				CLANG_WARN_INT_CONVERSION = YES;
				CLANG_WARN_NON_LITERAL_NULL_CONVERSION = YES;
				CLANG_WARN_OBJC_IMPLICIT_RETAIN_SELF = YES;
				CLANG_WARN_OBJC_LITERAL_CONVERSION = YES;
				CLANG_WARN_OBJC_ROOT_CLASS = YES_ERROR;
				CLANG_WARN_RANGE_LOOP_ANALYSIS = YES;
				CLANG_WARN_STRICT_PROTOTYPES = YES;
				CLANG_WARN_SUSPICIOUS_MOVE = YES;
				CLANG_WARN_UNGUARDED_AVAILABILITY = YES_AGGRESSIVE;
				CLANG_WARN_UNREACHABLE_CODE = YES;
				CLANG_WARN__DUPLICATE_METHOD_MATCH = YES;
				COPY_PHASE_STRIP = NO;
				DEBUG_INFORMATION_FORMAT = "dwarf-with-dsym";
				ENABLE_NS_ASSERTIONS = NO;
				ENABLE_STRICT_OBJC_MSGSEND = YES;
				GCC_C_LANGUAGE_STANDARD = gnu11;
				GCC_NO_COMMON_BLOCKS = YES;
				GCC_WARN_64_TO_32_BIT_CONVERSION = YES;
				GCC_WARN_ABOUT_RETURN_TYPE = YES_ERROR;
				GCC_WARN_UNDECLARED_SELECTOR = YES;
				GCC_WARN_UNINITIALIZED_AUTOS = YES_AGGRESSIVE;
				GCC_WARN_UNUSED_FUNCTION = YES;
				GCC_WARN_UNUSED_VARIABLE = YES;
				MTL_ENABLE_DEBUG_INFO = NO;
				MTL_FAST_MATH = YES;
				SWIFT_COMPILATION_MODE = wholemodule;
				SWIFT_OPTIMIZATION_LEVEL = "-O";
			};
			name = Release;
		};
		52C225E721D42F6800725E02 /* Debug */ = {
			isa = XCBuildConfiguration;
			buildSettings = {
				ASSETCATALOG_COMPILER_APPICON_NAME = AppIcon;
				CODE_SIGN_IDENTITY = "iPhone Developer";
				CODE_SIGN_STYLE = Automatic;
				DEVELOPMENT_TEAM = Z62WTTQ8ST;
				INFOPLIST_FILE = "mesher iOS/Info.plist";
				IPHONEOS_DEPLOYMENT_TARGET = 12.1;
				LD_RUNPATH_SEARCH_PATHS = (
					"$(inherited)",
					"@executable_path/Frameworks",
				);
				PRODUCT_BUNDLE_IDENTIFIER = net.compassing.mesher;
				PRODUCT_NAME = mesher;
				SDKROOT = iphoneos;
				SWIFT_OBJC_BRIDGING_HEADER = shared/rendering/ShaderTypes.h;
				SWIFT_VERSION = 4.2;
				TARGETED_DEVICE_FAMILY = "1,2";
			};
			name = Debug;
		};
		52C225E821D42F6800725E02 /* Release */ = {
			isa = XCBuildConfiguration;
			buildSettings = {
				ASSETCATALOG_COMPILER_APPICON_NAME = AppIcon;
				CODE_SIGN_IDENTITY = "iPhone Developer";
				CODE_SIGN_STYLE = Automatic;
				DEVELOPMENT_TEAM = Z62WTTQ8ST;
				INFOPLIST_FILE = "mesher iOS/Info.plist";
				IPHONEOS_DEPLOYMENT_TARGET = 12.1;
				LD_RUNPATH_SEARCH_PATHS = (
					"$(inherited)",
					"@executable_path/Frameworks",
				);
				PRODUCT_BUNDLE_IDENTIFIER = net.compassing.mesher;
				PRODUCT_NAME = mesher;
				SDKROOT = iphoneos;
				SWIFT_OBJC_BRIDGING_HEADER = shared/rendering/ShaderTypes.h;
				SWIFT_VERSION = 4.2;
				TARGETED_DEVICE_FAMILY = "1,2";
				VALIDATE_PRODUCT = YES;
			};
			name = Release;
		};
		52C225EA21D42F6800725E02 /* Debug */ = {
			isa = XCBuildConfiguration;
			buildSettings = {
				ASSETCATALOG_COMPILER_APPICON_NAME = "tvOS App Icon & Top Shelf Image";
				ASSETCATALOG_COMPILER_LAUNCHIMAGE_NAME = "tvOS LaunchImage";
				CODE_SIGN_STYLE = Automatic;
				INFOPLIST_FILE = "mesher tvOS/Info.plist";
				LD_RUNPATH_SEARCH_PATHS = (
					"$(inherited)",
					"@executable_path/Frameworks",
				);
				PRODUCT_BUNDLE_IDENTIFIER = net.compassing.mesher;
				PRODUCT_NAME = mesher;
				SDKROOT = appletvos;
				SWIFT_OBJC_BRIDGING_HEADER = shared/rendering/ShaderTypes.h;
				SWIFT_VERSION = 4.2;
				TARGETED_DEVICE_FAMILY = 3;
				TVOS_DEPLOYMENT_TARGET = 12.1;
			};
			name = Debug;
		};
		52C225EB21D42F6800725E02 /* Release */ = {
			isa = XCBuildConfiguration;
			buildSettings = {
				ASSETCATALOG_COMPILER_APPICON_NAME = "tvOS App Icon & Top Shelf Image";
				ASSETCATALOG_COMPILER_LAUNCHIMAGE_NAME = "tvOS LaunchImage";
				CODE_SIGN_STYLE = Automatic;
				INFOPLIST_FILE = "mesher tvOS/Info.plist";
				LD_RUNPATH_SEARCH_PATHS = (
					"$(inherited)",
					"@executable_path/Frameworks",
				);
				PRODUCT_BUNDLE_IDENTIFIER = net.compassing.mesher;
				PRODUCT_NAME = mesher;
				SDKROOT = appletvos;
				SWIFT_OBJC_BRIDGING_HEADER = shared/rendering/ShaderTypes.h;
				SWIFT_VERSION = 4.2;
				TARGETED_DEVICE_FAMILY = 3;
				TVOS_DEPLOYMENT_TARGET = 12.1;
				VALIDATE_PRODUCT = YES;
			};
			name = Release;
		};
		52C225ED21D42F6800725E02 /* Debug */ = {
			isa = XCBuildConfiguration;
			buildSettings = {
				ASSETCATALOG_COMPILER_APPICON_NAME = AppIcon;
				CODE_SIGN_IDENTITY = "Mac Developer";
				CODE_SIGN_STYLE = Automatic;
				COMBINE_HIDPI_IMAGES = YES;
				DEVELOPMENT_TEAM = Z62WTTQ8ST;
				INFOPLIST_FILE = "$(SRCROOT)/macOS/Info.plist";
				LD_RUNPATH_SEARCH_PATHS = (
					"$(inherited)",
					"@executable_path/../Frameworks",
				);
				MACOSX_DEPLOYMENT_TARGET = 10.14;
				PRODUCT_BUNDLE_IDENTIFIER = net.compassing.mesher;
				PRODUCT_NAME = mesher;
				PROVISIONING_PROFILE_SPECIFIER = "";
				SDKROOT = macosx;
				SWIFT_OBJC_BRIDGING_HEADER = shared/rendering/ShaderTypes.h;
				SWIFT_VERSION = 4.2;
			};
			name = Debug;
		};
		52C225EE21D42F6800725E02 /* Release */ = {
			isa = XCBuildConfiguration;
			buildSettings = {
				ASSETCATALOG_COMPILER_APPICON_NAME = AppIcon;
				CODE_SIGN_IDENTITY = "Mac Developer";
				CODE_SIGN_STYLE = Automatic;
				COMBINE_HIDPI_IMAGES = YES;
				DEVELOPMENT_TEAM = Z62WTTQ8ST;
				INFOPLIST_FILE = "$(SRCROOT)/macOS/Info.plist";
				LD_RUNPATH_SEARCH_PATHS = (
					"$(inherited)",
					"@executable_path/../Frameworks",
				);
				MACOSX_DEPLOYMENT_TARGET = 10.14;
				PRODUCT_BUNDLE_IDENTIFIER = net.compassing.mesher;
				PRODUCT_NAME = mesher;
				PROVISIONING_PROFILE_SPECIFIER = "";
				SDKROOT = macosx;
				SWIFT_OBJC_BRIDGING_HEADER = shared/rendering/ShaderTypes.h;
				SWIFT_VERSION = 4.2;
			};
			name = Release;
		};
/* End XCBuildConfiguration section */

/* Begin XCConfigurationList section */
		52C225A421D42F6500725E02 /* Build configuration list for PBXProject "mesher" */ = {
			isa = XCConfigurationList;
			buildConfigurations = (
				52C225E421D42F6800725E02 /* Debug */,
				52C225E521D42F6800725E02 /* Release */,
			);
			defaultConfigurationIsVisible = 0;
			defaultConfigurationName = Release;
		};
		52C225E621D42F6800725E02 /* Build configuration list for PBXNativeTarget "mesher iOS" */ = {
			isa = XCConfigurationList;
			buildConfigurations = (
				52C225E721D42F6800725E02 /* Debug */,
				52C225E821D42F6800725E02 /* Release */,
			);
			defaultConfigurationIsVisible = 0;
			defaultConfigurationName = Release;
		};
		52C225E921D42F6800725E02 /* Build configuration list for PBXNativeTarget "mesher tvOS" */ = {
			isa = XCConfigurationList;
			buildConfigurations = (
				52C225EA21D42F6800725E02 /* Debug */,
				52C225EB21D42F6800725E02 /* Release */,
			);
			defaultConfigurationIsVisible = 0;
			defaultConfigurationName = Release;
		};
		52C225EC21D42F6800725E02 /* Build configuration list for PBXNativeTarget "mesher macOS" */ = {
			isa = XCConfigurationList;
			buildConfigurations = (
				52C225ED21D42F6800725E02 /* Debug */,
				52C225EE21D42F6800725E02 /* Release */,
			);
			defaultConfigurationIsVisible = 0;
			defaultConfigurationName = Release;
		};
/* End XCConfigurationList section */
	};
	rootObject = 52C225A121D42F6500725E02 /* Project object */;
}
